// !$*UTF8*$!
{
	archiveVersion = 1;
	classes = {
	};
	objectVersion = 46;
	objects = {

/* Begin PBXBuildFile section */
		0B7C386C1A487C7100920B83 /* newfile.swift in Sources */ = {isa = PBXBuildFile; fileRef = 0B7C386B1A487C7100920B83 /* newfile.swift */; };
		0BDA0A7C1A4F1AC4008B888D /* OtherCenter.storyboard in Resources */ = {isa = PBXBuildFile; fileRef = 0BDA0A7B1A4F1AC4008B888D /* OtherCenter.storyboard */; };
		0BDA0A7E1A4F1EE6008B888D /* OtherCenter.swift in Sources */ = {isa = PBXBuildFile; fileRef = 0BDA0A7D1A4F1EE6008B888D /* OtherCenter.swift */; };
		0BE195361A4D2D5700F4262B /* TencentOpenApi_IOS_Bundle.bundle in Resources */ = {isa = PBXBuildFile; fileRef = 0BE195341A4D2D5700F4262B /* TencentOpenApi_IOS_Bundle.bundle */; };
		0BE195371A4D2D5700F4262B /* TencentOpenAPI.framework in Frameworks */ = {isa = PBXBuildFile; fileRef = 0BE195351A4D2D5700F4262B /* TencentOpenAPI.framework */; };
		0BE1953D1A4D472900F4262B /* McLogin.storyboard in Resources */ = {isa = PBXBuildFile; fileRef = 0BE1953C1A4D472900F4262B /* McLogin.storyboard */; };
		0BE1953F1A4D474200F4262B /* McLogin.swift in Sources */ = {isa = PBXBuildFile; fileRef = 0BE1953E1A4D474200F4262B /* McLogin.swift */; };
		E626E1361A40167000506234 /* Post.storyboard in Resources */ = {isa = PBXBuildFile; fileRef = E626E1351A40167000506234 /* Post.storyboard */; };
		E626E1381A40168E00506234 /* PostViewController.swift in Sources */ = {isa = PBXBuildFile; fileRef = E626E1371A40168E00506234 /* PostViewController.swift */; };
		E626E13D1A408C1F00506234 /* tiezi.storyboard in Resources */ = {isa = PBXBuildFile; fileRef = E626E13B1A408C1F00506234 /* tiezi.storyboard */; };
		E626E13E1A408C1F00506234 /* TieziController.swift in Sources */ = {isa = PBXBuildFile; fileRef = E626E13C1A408C1F00506234 /* TieziController.swift */; };
		E62888FC1A3E870800C45131 /* Login.storyboard in Resources */ = {isa = PBXBuildFile; fileRef = E62888F71A3E870800C45131 /* Login.storyboard */; };
		E62888FD1A3E870800C45131 /* Login.swift in Sources */ = {isa = PBXBuildFile; fileRef = E62888F81A3E870800C45131 /* Login.swift */; };
		E62889091A3E876300C45131 /* Dynamic.storyboard in Resources */ = {isa = PBXBuildFile; fileRef = E62889001A3E876300C45131 /* Dynamic.storyboard */; };
		E628890A1A3E876300C45131 /* Dynamic.swift in Sources */ = {isa = PBXBuildFile; fileRef = E62889011A3E876300C45131 /* Dynamic.swift */; };
		E628890B1A3E876300C45131 /* DynamicAddCell.swift in Sources */ = {isa = PBXBuildFile; fileRef = E62889021A3E876300C45131 /* DynamicAddCell.swift */; };
		E628890C1A3E876300C45131 /* dynamicNoData.storyboard in Resources */ = {isa = PBXBuildFile; fileRef = E62889031A3E876300C45131 /* dynamicNoData.storyboard */; };
		E628890D1A3E876300C45131 /* DynamicReplyCell.swift in Sources */ = {isa = PBXBuildFile; fileRef = E62889041A3E876300C45131 /* DynamicReplyCell.swift */; };
		E628890E1A3E876300C45131 /* HttpUrlConstant.swift in Sources */ = {isa = PBXBuildFile; fileRef = E62889051A3E876300C45131 /* HttpUrlConstant.swift */; };
		E628890F1A3E876300C45131 /* Message.storyboard in Resources */ = {isa = PBXBuildFile; fileRef = E62889061A3E876300C45131 /* Message.storyboard */; };
		E62889101A3E876300C45131 /* Message.swift in Sources */ = {isa = PBXBuildFile; fileRef = E62889071A3E876300C45131 /* Message.swift */; };
		E62889111A3E876300C45131 /* MessageCell.swift in Sources */ = {isa = PBXBuildFile; fileRef = E62889081A3E876300C45131 /* MessageCell.swift */; };
		E62889131A3E886A00C45131 /* Images.xcassets in Resources */ = {isa = PBXBuildFile; fileRef = E62889121A3E886A00C45131 /* Images.xcassets */; };
		E628891F1A3E88DD00C45131 /* libz.dylib in Frameworks */ = {isa = PBXBuildFile; fileRef = E628891E1A3E88DD00C45131 /* libz.dylib */; };
		E62889211A3E88F100C45131 /* libstdc++.dylib in Frameworks */ = {isa = PBXBuildFile; fileRef = E62889201A3E88F100C45131 /* libstdc++.dylib */; };
		E62889231A3E890E00C45131 /* CoreTelephony.framework in Frameworks */ = {isa = PBXBuildFile; fileRef = E62889221A3E890E00C45131 /* CoreTelephony.framework */; };
		E62889251A3E891E00C45131 /* libsqlite3.dylib in Frameworks */ = {isa = PBXBuildFile; fileRef = E62889241A3E891E00C45131 /* libsqlite3.dylib */; };
		E62889271A3E892B00C45131 /* CoreGraphics.framework in Frameworks */ = {isa = PBXBuildFile; fileRef = E62889261A3E892B00C45131 /* CoreGraphics.framework */; };
		E62889291A3E893700C45131 /* SystemConfiguration.framework in Frameworks */ = {isa = PBXBuildFile; fileRef = E62889281A3E893700C45131 /* SystemConfiguration.framework */; };
		E628892B1A3E894300C45131 /* libiconv.dylib in Frameworks */ = {isa = PBXBuildFile; fileRef = E628892A1A3E894300C45131 /* libiconv.dylib */; };
		E628892D1A3E895B00C45131 /* Security.framework in Frameworks */ = {isa = PBXBuildFile; fileRef = E628892C1A3E895B00C45131 /* Security.framework */; };
		E62C217E1A03F34E004DBFD0 /* AppDelegate.swift in Sources */ = {isa = PBXBuildFile; fileRef = E62C217D1A03F34E004DBFD0 /* AppDelegate.swift */; };
		E62C21801A03F34E004DBFD0 /* RootViewController.swift in Sources */ = {isa = PBXBuildFile; fileRef = E62C217F1A03F34E004DBFD0 /* RootViewController.swift */; };
		E62C21831A03F34E004DBFD0 /* Main.storyboard in Resources */ = {isa = PBXBuildFile; fileRef = E62C21811A03F34E004DBFD0 /* Main.storyboard */; };
		E62C21881A03F34E004DBFD0 /* LaunchScreen.xib in Resources */ = {isa = PBXBuildFile; fileRef = E62C21861A03F34E004DBFD0 /* LaunchScreen.xib */; };
		E62C21941A03F34E004DBFD0 /* mckuaiTests.swift in Sources */ = {isa = PBXBuildFile; fileRef = E62C21931A03F34E004DBFD0 /* mckuaiTests.swift */; };
		E63C78B61A302F5F00D28668 /* forumDetail.storyboard in Resources */ = {isa = PBXBuildFile; fileRef = E63C78B31A302F5F00D28668 /* forumDetail.storyboard */; };
		E63C78B71A302F5F00D28668 /* forumDetailCell.swift in Sources */ = {isa = PBXBuildFile; fileRef = E63C78B41A302F5F00D28668 /* forumDetailCell.swift */; };
		E63C78B81A302F5F00D28668 /* forumDetailViewController.swift in Sources */ = {isa = PBXBuildFile; fileRef = E63C78B51A302F5F00D28668 /* forumDetailViewController.swift */; };
		E63FD6CF1A13340100177E3E /* Launch.storyboard in Resources */ = {isa = PBXBuildFile; fileRef = E63FD6CB1A13340100177E3E /* Launch.storyboard */; };
		E63FD6D21A13340100177E3E /* Welcome.swift in Sources */ = {isa = PBXBuildFile; fileRef = E63FD6CE1A13340100177E3E /* Welcome.swift */; };
		E63FD7D91A133CB000177E3E /* Community.swift in Sources */ = {isa = PBXBuildFile; fileRef = E63FD7D81A133CB000177E3E /* Community.swift */; };
		E63FD7E01A133E0400177E3E /* homeController.swift in Sources */ = {isa = PBXBuildFile; fileRef = E63FD7DF1A133E0400177E3E /* homeController.swift */; };
		E63FD7E61A1346CC00177E3E /* chat.storyboard in Resources */ = {isa = PBXBuildFile; fileRef = E63FD7E51A1346CC00177E3E /* chat.storyboard */; };
		E63FD7E81A13471F00177E3E /* chat.swift in Sources */ = {isa = PBXBuildFile; fileRef = E63FD7E71A13471F00177E3E /* chat.swift */; };
		E64C09571A2C625900AD9138 /* DynamicDetailController.swift in Sources */ = {isa = PBXBuildFile; fileRef = E64C09561A2C625900AD9138 /* DynamicDetailController.swift */; };
		E67377711A19E7CA006DAE76 /* DHCarouselView.swift in Sources */ = {isa = PBXBuildFile; fileRef = E67377701A19E7CA006DAE76 /* DHCarouselView.swift */; };
		E67B865E1A3E7AA400B782E1 /* HotTableViewCell.swift in Sources */ = {isa = PBXBuildFile; fileRef = E67B865C1A3E7AA400B782E1 /* HotTableViewCell.swift */; };
		E67B865F1A3E7AA400B782E1 /* HotTableViewController.swift in Sources */ = {isa = PBXBuildFile; fileRef = E67B865D1A3E7AA400B782E1 /* HotTableViewController.swift */; };
		E67B86621A3E7B8100B782E1 /* GTUtil.swift in Sources */ = {isa = PBXBuildFile; fileRef = E67B86611A3E7B8100B782E1 /* GTUtil.swift */; };
		E67F89431A1C7B5E00044035 /* DynamicCell.swift in Sources */ = {isa = PBXBuildFile; fileRef = E67F89421A1C7B5E00044035 /* DynamicCell.swift */; };
		E69FCD8D1A5297C6003E11B1 /* WActivityIndicator.swift in Sources */ = {isa = PBXBuildFile; fileRef = E69FCD8A1A5297C6003E11B1 /* WActivityIndicator.swift */; };
		E69FCD8E1A5297C6003E11B1 /* WIndicator.swift in Sources */ = {isa = PBXBuildFile; fileRef = E69FCD8B1A5297C6003E11B1 /* WIndicator.swift */; };
		E69FCD8F1A5297C6003E11B1 /* WIndicatorText.swift in Sources */ = {isa = PBXBuildFile; fileRef = E69FCD8C1A5297C6003E11B1 /* WIndicatorText.swift */; };
		E6A3C5861A4AA8E2002485FC /* Reply.storyboard in Resources */ = {isa = PBXBuildFile; fileRef = E6A3C5841A4AA8E2002485FC /* Reply.storyboard */; };
		E6A3C5871A4AA8E2002485FC /* ReplyViewController.swift in Sources */ = {isa = PBXBuildFile; fileRef = E6A3C5851A4AA8E2002485FC /* ReplyViewController.swift */; };
		E6AD7C931A42D7B200792770 /* userCenter.swift in Sources */ = {isa = PBXBuildFile; fileRef = E6AD7C921A42D7B200792770 /* userCenter.swift */; };
		E6BCFC651A1A30F2009857B0 /* FilletButton.swift in Sources */ = {isa = PBXBuildFile; fileRef = E6BCFC631A1A30F2009857B0 /* FilletButton.swift */; };
		E6BCFC661A1A30F2009857B0 /* RadiusView.swift in Sources */ = {isa = PBXBuildFile; fileRef = E6BCFC641A1A30F2009857B0 /* RadiusView.swift */; };
		E6D6C2B01A2EE72E00858161 /* CollectionViewCell.swift in Sources */ = {isa = PBXBuildFile; fileRef = E6D6C2AE1A2EE72E00858161 /* CollectionViewCell.swift */; };
		E6D6C2B11A2EE72E00858161 /* HeaderViewController.swift in Sources */ = {isa = PBXBuildFile; fileRef = E6D6C2AF1A2EE72E00858161 /* HeaderViewController.swift */; };
		E6D6C2C31A2FFB5100858161 /* APIClient.swift in Sources */ = {isa = PBXBuildFile; fileRef = E6D6C2C21A2FFB5100858161 /* APIClient.swift */; };
		E6D6C2C91A2FFC0800858161 /* Alamofire-SwiftyJSON.swift in Sources */ = {isa = PBXBuildFile; fileRef = E6D6C2C71A2FFC0800858161 /* Alamofire-SwiftyJSON.swift */; };
		E6D6C2CA1A2FFC0800858161 /* SwiftyJSON.swift in Sources */ = {isa = PBXBuildFile; fileRef = E6D6C2C81A2FFC0800858161 /* SwiftyJSON.swift */; };
		E6D6C2D61A2FFC5E00858161 /* Alamofire.framework in CopyFiles */ = {isa = PBXBuildFile; fileRef = E6D6C2D11A2FFC4800858161 /* Alamofire.framework */; settings = {ATTRIBUTES = (CodeSignOnCopy, RemoveHeadersOnCopy, ); }; };
		E6D6C2DA1A2FFE9800858161 /* BaseTableViewController.swift in Sources */ = {isa = PBXBuildFile; fileRef = E6D6C2D91A2FFE9800858161 /* BaseTableViewController.swift */; };
		E6D6C2DC1A300C2100858161 /* AppContext.swift in Sources */ = {isa = PBXBuildFile; fileRef = E6D6C2DB1A300C2100858161 /* AppContext.swift */; };
/* End PBXBuildFile section */

/* Begin PBXContainerItemProxy section */
		E62C218E1A03F34E004DBFD0 /* PBXContainerItemProxy */ = {
			isa = PBXContainerItemProxy;
			containerPortal = E62C21701A03F34E004DBFD0 /* Project object */;
			proxyType = 1;
			remoteGlobalIDString = E62C21771A03F34E004DBFD0;
			remoteInfo = mckuai;
		};
		E6D6C2D01A2FFC4800858161 /* PBXContainerItemProxy */ = {
			isa = PBXContainerItemProxy;
			containerPortal = E6D6C2CB1A2FFC4800858161 /* Alamofire.xcodeproj */;
			proxyType = 2;
			remoteGlobalIDString = F8111E3319A95C8B0040E7D1;
			remoteInfo = Alamofire;
		};
		E6D6C2D21A2FFC4800858161 /* PBXContainerItemProxy */ = {
			isa = PBXContainerItemProxy;
			containerPortal = E6D6C2CB1A2FFC4800858161 /* Alamofire.xcodeproj */;
			proxyType = 2;
			remoteGlobalIDString = F8111E3E19A95C8B0040E7D1;
			remoteInfo = AlamofireTests;
		};
		E6D6C2D41A2FFC5400858161 /* PBXContainerItemProxy */ = {
			isa = PBXContainerItemProxy;
			containerPortal = E6D6C2CB1A2FFC4800858161 /* Alamofire.xcodeproj */;
			proxyType = 1;
			remoteGlobalIDString = F8111E3219A95C8B0040E7D1;
			remoteInfo = Alamofire;
		};
/* End PBXContainerItemProxy section */

/* Begin PBXCopyFilesBuildPhase section */
		E64C09521A2C3F9500AD9138 /* CopyFiles */ = {
			isa = PBXCopyFilesBuildPhase;
			buildActionMask = 2147483647;
			dstPath = "";
			dstSubfolderSpec = 10;
			files = (
				E6D6C2D61A2FFC5E00858161 /* Alamofire.framework in CopyFiles */,
			);
			runOnlyForDeploymentPostprocessing = 0;
		};
/* End PBXCopyFilesBuildPhase section */

/* Begin PBXFileReference section */
		0B7C386B1A487C7100920B83 /* newfile.swift */ = {isa = PBXFileReference; fileEncoding = 4; lastKnownFileType = sourcecode.swift; path = newfile.swift; sourceTree = "<group>"; };
		0BDA0A7B1A4F1AC4008B888D /* OtherCenter.storyboard */ = {isa = PBXFileReference; fileEncoding = 4; lastKnownFileType = file.storyboard; path = OtherCenter.storyboard; sourceTree = "<group>"; };
		0BDA0A7D1A4F1EE6008B888D /* OtherCenter.swift */ = {isa = PBXFileReference; fileEncoding = 4; lastKnownFileType = sourcecode.swift; path = OtherCenter.swift; sourceTree = "<group>"; };
		0BE195341A4D2D5700F4262B /* TencentOpenApi_IOS_Bundle.bundle */ = {isa = PBXFileReference; lastKnownFileType = "wrapper.plug-in"; path = TencentOpenApi_IOS_Bundle.bundle; sourceTree = "<group>"; };
		0BE195351A4D2D5700F4262B /* TencentOpenAPI.framework */ = {isa = PBXFileReference; lastKnownFileType = wrapper.framework; path = TencentOpenAPI.framework; sourceTree = "<group>"; };
		0BE1953C1A4D472900F4262B /* McLogin.storyboard */ = {isa = PBXFileReference; fileEncoding = 4; lastKnownFileType = file.storyboard; path = McLogin.storyboard; sourceTree = "<group>"; };
		0BE1953E1A4D474200F4262B /* McLogin.swift */ = {isa = PBXFileReference; fileEncoding = 4; lastKnownFileType = sourcecode.swift; path = McLogin.swift; sourceTree = "<group>"; };
		E626E1351A40167000506234 /* Post.storyboard */ = {isa = PBXFileReference; fileEncoding = 4; lastKnownFileType = file.storyboard; path = Post.storyboard; sourceTree = "<group>"; };
		E626E1371A40168E00506234 /* PostViewController.swift */ = {isa = PBXFileReference; fileEncoding = 4; lastKnownFileType = sourcecode.swift; path = PostViewController.swift; sourceTree = "<group>"; };
		E626E13B1A408C1F00506234 /* tiezi.storyboard */ = {isa = PBXFileReference; fileEncoding = 4; lastKnownFileType = file.storyboard; path = tiezi.storyboard; sourceTree = "<group>"; };
		E626E13C1A408C1F00506234 /* TieziController.swift */ = {isa = PBXFileReference; fileEncoding = 4; lastKnownFileType = sourcecode.swift; path = TieziController.swift; sourceTree = "<group>"; };
		E62888F71A3E870800C45131 /* Login.storyboard */ = {isa = PBXFileReference; fileEncoding = 4; lastKnownFileType = file.storyboard; path = Login.storyboard; sourceTree = "<group>"; };
		E62888F81A3E870800C45131 /* Login.swift */ = {isa = PBXFileReference; fileEncoding = 4; lastKnownFileType = sourcecode.swift; path = Login.swift; sourceTree = "<group>"; };
		E62888F91A3E870800C45131 /* mckuai-Bridging-Header.h */ = {isa = PBXFileReference; fileEncoding = 4; lastKnownFileType = sourcecode.c.h; path = "mckuai-Bridging-Header.h"; sourceTree = "<group>"; };
		E62889001A3E876300C45131 /* Dynamic.storyboard */ = {isa = PBXFileReference; fileEncoding = 4; lastKnownFileType = file.storyboard; path = Dynamic.storyboard; sourceTree = "<group>"; };
		E62889011A3E876300C45131 /* Dynamic.swift */ = {isa = PBXFileReference; fileEncoding = 4; lastKnownFileType = sourcecode.swift; path = Dynamic.swift; sourceTree = "<group>"; };
		E62889021A3E876300C45131 /* DynamicAddCell.swift */ = {isa = PBXFileReference; fileEncoding = 4; lastKnownFileType = sourcecode.swift; path = DynamicAddCell.swift; sourceTree = "<group>"; };
		E62889031A3E876300C45131 /* dynamicNoData.storyboard */ = {isa = PBXFileReference; fileEncoding = 4; lastKnownFileType = file.storyboard; path = dynamicNoData.storyboard; sourceTree = "<group>"; };
		E62889041A3E876300C45131 /* DynamicReplyCell.swift */ = {isa = PBXFileReference; fileEncoding = 4; lastKnownFileType = sourcecode.swift; path = DynamicReplyCell.swift; sourceTree = "<group>"; };
		E62889051A3E876300C45131 /* HttpUrlConstant.swift */ = {isa = PBXFileReference; fileEncoding = 4; lastKnownFileType = sourcecode.swift; path = HttpUrlConstant.swift; sourceTree = "<group>"; };
		E62889061A3E876300C45131 /* Message.storyboard */ = {isa = PBXFileReference; fileEncoding = 4; lastKnownFileType = file.storyboard; path = Message.storyboard; sourceTree = "<group>"; };
		E62889071A3E876300C45131 /* Message.swift */ = {isa = PBXFileReference; fileEncoding = 4; lastKnownFileType = sourcecode.swift; path = Message.swift; sourceTree = "<group>"; };
		E62889081A3E876300C45131 /* MessageCell.swift */ = {isa = PBXFileReference; fileEncoding = 4; lastKnownFileType = sourcecode.swift; path = MessageCell.swift; sourceTree = "<group>"; };
		E62889121A3E886A00C45131 /* Images.xcassets */ = {isa = PBXFileReference; lastKnownFileType = folder.assetcatalog; path = Images.xcassets; sourceTree = "<group>"; };
		E628891E1A3E88DD00C45131 /* libz.dylib */ = {isa = PBXFileReference; lastKnownFileType = "compiled.mach-o.dylib"; name = libz.dylib; path = usr/lib/libz.dylib; sourceTree = SDKROOT; };
		E62889201A3E88F100C45131 /* libstdc++.dylib */ = {isa = PBXFileReference; lastKnownFileType = "compiled.mach-o.dylib"; name = "libstdc++.dylib"; path = "usr/lib/libstdc++.dylib"; sourceTree = SDKROOT; };
		E62889221A3E890E00C45131 /* CoreTelephony.framework */ = {isa = PBXFileReference; lastKnownFileType = wrapper.framework; name = CoreTelephony.framework; path = System/Library/Frameworks/CoreTelephony.framework; sourceTree = SDKROOT; };
		E62889241A3E891E00C45131 /* libsqlite3.dylib */ = {isa = PBXFileReference; lastKnownFileType = "compiled.mach-o.dylib"; name = libsqlite3.dylib; path = usr/lib/libsqlite3.dylib; sourceTree = SDKROOT; };
		E62889261A3E892B00C45131 /* CoreGraphics.framework */ = {isa = PBXFileReference; lastKnownFileType = wrapper.framework; name = CoreGraphics.framework; path = System/Library/Frameworks/CoreGraphics.framework; sourceTree = SDKROOT; };
		E62889281A3E893700C45131 /* SystemConfiguration.framework */ = {isa = PBXFileReference; lastKnownFileType = wrapper.framework; name = SystemConfiguration.framework; path = System/Library/Frameworks/SystemConfiguration.framework; sourceTree = SDKROOT; };
		E628892A1A3E894300C45131 /* libiconv.dylib */ = {isa = PBXFileReference; lastKnownFileType = "compiled.mach-o.dylib"; name = libiconv.dylib; path = usr/lib/libiconv.dylib; sourceTree = SDKROOT; };
		E628892C1A3E895B00C45131 /* Security.framework */ = {isa = PBXFileReference; lastKnownFileType = wrapper.framework; name = Security.framework; path = System/Library/Frameworks/Security.framework; sourceTree = SDKROOT; };
		E62C21781A03F34E004DBFD0 /* mckuai.app */ = {isa = PBXFileReference; explicitFileType = wrapper.application; includeInIndex = 0; path = mckuai.app; sourceTree = BUILT_PRODUCTS_DIR; };
		E62C217C1A03F34E004DBFD0 /* Info.plist */ = {isa = PBXFileReference; lastKnownFileType = text.plist.xml; path = Info.plist; sourceTree = "<group>"; };
		E62C217D1A03F34E004DBFD0 /* AppDelegate.swift */ = {isa = PBXFileReference; lastKnownFileType = sourcecode.swift; path = AppDelegate.swift; sourceTree = "<group>"; };
		E62C217F1A03F34E004DBFD0 /* RootViewController.swift */ = {isa = PBXFileReference; lastKnownFileType = sourcecode.swift; name = RootViewController.swift; path = ../RootViewController.swift; sourceTree = "<group>"; };
		E62C21821A03F34E004DBFD0 /* Base */ = {isa = PBXFileReference; lastKnownFileType = file.storyboard; name = Base; path = Base.lproj/Main.storyboard; sourceTree = "<group>"; };
		E62C21871A03F34E004DBFD0 /* Base */ = {isa = PBXFileReference; lastKnownFileType = file.xib; name = Base; path = Base.lproj/LaunchScreen.xib; sourceTree = "<group>"; };
		E62C218D1A03F34E004DBFD0 /* mckuaiTests.xctest */ = {isa = PBXFileReference; explicitFileType = wrapper.cfbundle; includeInIndex = 0; path = mckuaiTests.xctest; sourceTree = BUILT_PRODUCTS_DIR; };
		E62C21921A03F34E004DBFD0 /* Info.plist */ = {isa = PBXFileReference; lastKnownFileType = text.plist.xml; path = Info.plist; sourceTree = "<group>"; };
		E62C21931A03F34E004DBFD0 /* mckuaiTests.swift */ = {isa = PBXFileReference; lastKnownFileType = sourcecode.swift; path = mckuaiTests.swift; sourceTree = "<group>"; };
		E63C78B31A302F5F00D28668 /* forumDetail.storyboard */ = {isa = PBXFileReference; fileEncoding = 4; lastKnownFileType = file.storyboard; path = forumDetail.storyboard; sourceTree = "<group>"; };
		E63C78B41A302F5F00D28668 /* forumDetailCell.swift */ = {isa = PBXFileReference; fileEncoding = 4; lastKnownFileType = sourcecode.swift; path = forumDetailCell.swift; sourceTree = "<group>"; };
		E63C78B51A302F5F00D28668 /* forumDetailViewController.swift */ = {isa = PBXFileReference; fileEncoding = 4; lastKnownFileType = sourcecode.swift; path = forumDetailViewController.swift; sourceTree = "<group>"; };
		E63FD6CB1A13340100177E3E /* Launch.storyboard */ = {isa = PBXFileReference; fileEncoding = 4; lastKnownFileType = file.storyboard; path = Launch.storyboard; sourceTree = "<group>"; };
		E63FD6CE1A13340100177E3E /* Welcome.swift */ = {isa = PBXFileReference; fileEncoding = 4; lastKnownFileType = sourcecode.swift; path = Welcome.swift; sourceTree = "<group>"; };
		E63FD7D81A133CB000177E3E /* Community.swift */ = {isa = PBXFileReference; fileEncoding = 4; lastKnownFileType = sourcecode.swift; path = Community.swift; sourceTree = "<group>"; };
		E63FD7DF1A133E0400177E3E /* homeController.swift */ = {isa = PBXFileReference; fileEncoding = 4; lastKnownFileType = sourcecode.swift; path = homeController.swift; sourceTree = "<group>"; };
		E63FD7E51A1346CC00177E3E /* chat.storyboard */ = {isa = PBXFileReference; fileEncoding = 4; lastKnownFileType = file.storyboard; path = chat.storyboard; sourceTree = "<group>"; };
		E63FD7E71A13471F00177E3E /* chat.swift */ = {isa = PBXFileReference; fileEncoding = 4; lastKnownFileType = sourcecode.swift; path = chat.swift; sourceTree = "<group>"; };
		E64C09561A2C625900AD9138 /* DynamicDetailController.swift */ = {isa = PBXFileReference; fileEncoding = 4; lastKnownFileType = sourcecode.swift; path = DynamicDetailController.swift; sourceTree = "<group>"; };
		E67377701A19E7CA006DAE76 /* DHCarouselView.swift */ = {isa = PBXFileReference; fileEncoding = 4; lastKnownFileType = sourcecode.swift; name = DHCarouselView.swift; path = ../DHCarouselView.swift; sourceTree = "<group>"; };
		E67B865C1A3E7AA400B782E1 /* HotTableViewCell.swift */ = {isa = PBXFileReference; fileEncoding = 4; lastKnownFileType = sourcecode.swift; path = HotTableViewCell.swift; sourceTree = "<group>"; };
		E67B865D1A3E7AA400B782E1 /* HotTableViewController.swift */ = {isa = PBXFileReference; fileEncoding = 4; lastKnownFileType = sourcecode.swift; path = HotTableViewController.swift; sourceTree = "<group>"; };
		E67B86611A3E7B8100B782E1 /* GTUtil.swift */ = {isa = PBXFileReference; fileEncoding = 4; lastKnownFileType = sourcecode.swift; path = GTUtil.swift; sourceTree = "<group>"; };
		E67F89421A1C7B5E00044035 /* DynamicCell.swift */ = {isa = PBXFileReference; fileEncoding = 4; lastKnownFileType = sourcecode.swift; path = DynamicCell.swift; sourceTree = "<group>"; };
		E69FCD8A1A5297C6003E11B1 /* WActivityIndicator.swift */ = {isa = PBXFileReference; fileEncoding = 4; lastKnownFileType = sourcecode.swift; path = WActivityIndicator.swift; sourceTree = "<group>"; };
		E69FCD8B1A5297C6003E11B1 /* WIndicator.swift */ = {isa = PBXFileReference; fileEncoding = 4; lastKnownFileType = sourcecode.swift; path = WIndicator.swift; sourceTree = "<group>"; };
		E69FCD8C1A5297C6003E11B1 /* WIndicatorText.swift */ = {isa = PBXFileReference; fileEncoding = 4; lastKnownFileType = sourcecode.swift; path = WIndicatorText.swift; sourceTree = "<group>"; };
		E6A3C5841A4AA8E2002485FC /* Reply.storyboard */ = {isa = PBXFileReference; fileEncoding = 4; lastKnownFileType = file.storyboard; path = Reply.storyboard; sourceTree = "<group>"; };
		E6A3C5851A4AA8E2002485FC /* ReplyViewController.swift */ = {isa = PBXFileReference; fileEncoding = 4; lastKnownFileType = sourcecode.swift; path = ReplyViewController.swift; sourceTree = "<group>"; };
		E6AD7C921A42D7B200792770 /* userCenter.swift */ = {isa = PBXFileReference; fileEncoding = 4; lastKnownFileType = sourcecode.swift; path = userCenter.swift; sourceTree = "<group>"; };
		E6BCFC631A1A30F2009857B0 /* FilletButton.swift */ = {isa = PBXFileReference; fileEncoding = 4; lastKnownFileType = sourcecode.swift; path = FilletButton.swift; sourceTree = "<group>"; };
		E6BCFC641A1A30F2009857B0 /* RadiusView.swift */ = {isa = PBXFileReference; fileEncoding = 4; lastKnownFileType = sourcecode.swift; path = RadiusView.swift; sourceTree = "<group>"; };
		E6D6C2AE1A2EE72E00858161 /* CollectionViewCell.swift */ = {isa = PBXFileReference; fileEncoding = 4; lastKnownFileType = sourcecode.swift; path = CollectionViewCell.swift; sourceTree = "<group>"; };
		E6D6C2AF1A2EE72E00858161 /* HeaderViewController.swift */ = {isa = PBXFileReference; fileEncoding = 4; lastKnownFileType = sourcecode.swift; path = HeaderViewController.swift; sourceTree = "<group>"; };
		E6D6C2C21A2FFB5100858161 /* APIClient.swift */ = {isa = PBXFileReference; fileEncoding = 4; lastKnownFileType = sourcecode.swift; path = APIClient.swift; sourceTree = "<group>"; };
		E6D6C2C71A2FFC0800858161 /* Alamofire-SwiftyJSON.swift */ = {isa = PBXFileReference; fileEncoding = 4; lastKnownFileType = sourcecode.swift; path = "Alamofire-SwiftyJSON.swift"; sourceTree = "<group>"; };
		E6D6C2C81A2FFC0800858161 /* SwiftyJSON.swift */ = {isa = PBXFileReference; fileEncoding = 4; lastKnownFileType = sourcecode.swift; path = SwiftyJSON.swift; sourceTree = "<group>"; };
		E6D6C2CB1A2FFC4800858161 /* Alamofire.xcodeproj */ = {isa = PBXFileReference; lastKnownFileType = "wrapper.pb-project"; name = Alamofire.xcodeproj; path = Alamofire/Alamofire.xcodeproj; sourceTree = "<group>"; };
		E6D6C2D91A2FFE9800858161 /* BaseTableViewController.swift */ = {isa = PBXFileReference; fileEncoding = 4; lastKnownFileType = sourcecode.swift; path = BaseTableViewController.swift; sourceTree = "<group>"; };
		E6D6C2DB1A300C2100858161 /* AppContext.swift */ = {isa = PBXFileReference; fileEncoding = 4; lastKnownFileType = sourcecode.swift; path = AppContext.swift; sourceTree = "<group>"; };
/* End PBXFileReference section */

/* Begin PBXFrameworksBuildPhase section */
		E62C21751A03F34E004DBFD0 /* Frameworks */ = {
			isa = PBXFrameworksBuildPhase;
			buildActionMask = 2147483647;
			files = (
				E628892D1A3E895B00C45131 /* Security.framework in Frameworks */,
				0BE195371A4D2D5700F4262B /* TencentOpenAPI.framework in Frameworks */,
				E628892B1A3E894300C45131 /* libiconv.dylib in Frameworks */,
				E62889291A3E893700C45131 /* SystemConfiguration.framework in Frameworks */,
				E62889271A3E892B00C45131 /* CoreGraphics.framework in Frameworks */,
				E62889251A3E891E00C45131 /* libsqlite3.dylib in Frameworks */,
				E62889231A3E890E00C45131 /* CoreTelephony.framework in Frameworks */,
				E62889211A3E88F100C45131 /* libstdc++.dylib in Frameworks */,
				E628891F1A3E88DD00C45131 /* libz.dylib in Frameworks */,
			);
			runOnlyForDeploymentPostprocessing = 0;
		};
		E62C218A1A03F34E004DBFD0 /* Frameworks */ = {
			isa = PBXFrameworksBuildPhase;
			buildActionMask = 2147483647;
			files = (
			);
			runOnlyForDeploymentPostprocessing = 0;
		};
/* End PBXFrameworksBuildPhase section */

/* Begin PBXGroup section */
		0BDA0A791A4F1844008B888D /* zone */ = {
			isa = PBXGroup;
			children = (
				0BDA0A7B1A4F1AC4008B888D /* OtherCenter.storyboard */,
				0BDA0A7D1A4F1EE6008B888D /* OtherCenter.swift */,
			);
			name = zone;
			sourceTree = "<group>";
		};
		E618A7AF1A41857800EA7B3F /* menu */ = {
			isa = PBXGroup;
			children = (
				E62C217F1A03F34E004DBFD0 /* RootViewController.swift */,
				E62C21811A03F34E004DBFD0 /* Main.storyboard */,
			);
			path = menu;
			sourceTree = "<group>";
		};
		E626E1331A40164D00506234 /* Post */ = {
			isa = PBXGroup;
			children = (
				E626E1351A40167000506234 /* Post.storyboard */,
				E626E1371A40168E00506234 /* PostViewController.swift */,
			);
			path = Post;
			sourceTree = "<group>";
		};
		E626E13A1A408C1F00506234 /* tiezi */ = {
			isa = PBXGroup;
			children = (
				E626E13B1A408C1F00506234 /* tiezi.storyboard */,
				E626E13C1A408C1F00506234 /* TieziController.swift */,
			);
			path = tiezi;
			sourceTree = "<group>";
		};
		E62888F61A3E870800C45131 /* login */ = {
			isa = PBXGroup;
			children = (
				E62888F71A3E870800C45131 /* Login.storyboard */,
				E62888F81A3E870800C45131 /* Login.swift */,
				0BE1953C1A4D472900F4262B /* McLogin.storyboard */,
				0BE1953E1A4D474200F4262B /* McLogin.swift */,
			);
			path = login;
			sourceTree = "<group>";
		};
		E62C216F1A03F34E004DBFD0 = {
			isa = PBXGroup;
			children = (
				0BE195341A4D2D5700F4262B /* TencentOpenApi_IOS_Bundle.bundle */,
				0BE195351A4D2D5700F4262B /* TencentOpenAPI.framework */,
				E628892C1A3E895B00C45131 /* Security.framework */,
				E628892A1A3E894300C45131 /* libiconv.dylib */,
				E62889281A3E893700C45131 /* SystemConfiguration.framework */,
				E62889261A3E892B00C45131 /* CoreGraphics.framework */,
				E62889241A3E891E00C45131 /* libsqlite3.dylib */,
				E62889221A3E890E00C45131 /* CoreTelephony.framework */,
				E62889201A3E88F100C45131 /* libstdc++.dylib */,
				E628891E1A3E88DD00C45131 /* libz.dylib */,
				E62C217A1A03F34E004DBFD0 /* mckuai */,
				E62C21901A03F34E004DBFD0 /* mckuaiTests */,
				E62C21791A03F34E004DBFD0 /* Products */,
				E6D6C2CB1A2FFC4800858161 /* Alamofire.xcodeproj */,
			);
			sourceTree = "<group>";
		};
		E62C21791A03F34E004DBFD0 /* Products */ = {
			isa = PBXGroup;
			children = (
				E62C21781A03F34E004DBFD0 /* mckuai.app */,
				E62C218D1A03F34E004DBFD0 /* mckuaiTests.xctest */,
			);
			name = Products;
			sourceTree = "<group>";
		};
		E62C217A1A03F34E004DBFD0 /* mckuai */ = {
			isa = PBXGroup;
			children = (
				0BDA0A791A4F1844008B888D /* zone */,
				E618A7AF1A41857800EA7B3F /* menu */,
				E626E13A1A408C1F00506234 /* tiezi */,
				E62889121A3E886A00C45131 /* Images.xcassets */,
				E62888F61A3E870800C45131 /* login */,
				E62888F91A3E870800C45131 /* mckuai-Bridging-Header.h */,
				E6D6C2C51A2FFC0800858161 /* ThirdParty */,
				E6BCFC621A1A30CA009857B0 /* Common */,
				E63FD7DA1A133D3B00177E3E /* Chat */,
				E63FD7DB1A133D3B00177E3E /* home */,
				E63FD7DC1A133D3B00177E3E /* me */,
				E63FD7D51A133C5B00177E3E /* Community */,
				E62C217D1A03F34E004DBFD0 /* AppDelegate.swift */,
				E63FD6CB1A13340100177E3E /* Launch.storyboard */,
				E63FD6CE1A13340100177E3E /* Welcome.swift */,
				E62C21861A03F34E004DBFD0 /* LaunchScreen.xib */,
				E62C217B1A03F34E004DBFD0 /* Supporting Files */,
			);
			path = mckuai;
			sourceTree = "<group>";
		};
		E62C217B1A03F34E004DBFD0 /* Supporting Files */ = {
			isa = PBXGroup;
			children = (
				E62C217C1A03F34E004DBFD0 /* Info.plist */,
			);
			name = "Supporting Files";
			sourceTree = "<group>";
		};
		E62C21901A03F34E004DBFD0 /* mckuaiTests */ = {
			isa = PBXGroup;
			children = (
				E62C21931A03F34E004DBFD0 /* mckuaiTests.swift */,
				E62C21911A03F34E004DBFD0 /* Supporting Files */,
			);
			path = mckuaiTests;
			sourceTree = "<group>";
		};
		E62C21911A03F34E004DBFD0 /* Supporting Files */ = {
			isa = PBXGroup;
			children = (
				E62C21921A03F34E004DBFD0 /* Info.plist */,
			);
			name = "Supporting Files";
			sourceTree = "<group>";
		};
		E63C78B21A302F5F00D28668 /* forumDetail */ = {
			isa = PBXGroup;
			children = (
				E63C78B31A302F5F00D28668 /* forumDetail.storyboard */,
				E63C78B41A302F5F00D28668 /* forumDetailCell.swift */,
				E63C78B51A302F5F00D28668 /* forumDetailViewController.swift */,
			);
			path = forumDetail;
			sourceTree = "<group>";
		};
		E63FD7D51A133C5B00177E3E /* Community */ = {
			isa = PBXGroup;
			children = (
				E6A3C5831A4AA8E2002485FC /* Reply */,
				E626E1331A40164D00506234 /* Post */,
				E66879461A25F0DF00BE48CE /* DynamicHeader */,
				E63C78B21A302F5F00D28668 /* forumDetail */,
				E64C09561A2C625900AD9138 /* DynamicDetailController.swift */,
				E63FD7D81A133CB000177E3E /* Community.swift */,
				E67F89421A1C7B5E00044035 /* DynamicCell.swift */,
			);
			name = Community;
			path = "社区";
			sourceTree = "<group>";
		};
		E63FD7DA1A133D3B00177E3E /* Chat */ = {
			isa = PBXGroup;
			children = (
				E63FD7E51A1346CC00177E3E /* chat.storyboard */,
				E63FD7E71A13471F00177E3E /* chat.swift */,
				0B7C386B1A487C7100920B83 /* newfile.swift */,
			);
			path = Chat;
			sourceTree = "<group>";
		};
		E63FD7DB1A133D3B00177E3E /* home */ = {
			isa = PBXGroup;
			children = (
				E67B865C1A3E7AA400B782E1 /* HotTableViewCell.swift */,
				E67B865D1A3E7AA400B782E1 /* HotTableViewController.swift */,
				E63FD7DF1A133E0400177E3E /* homeController.swift */,
			);
			path = home;
			sourceTree = "<group>";
		};
		E63FD7DC1A133D3B00177E3E /* me */ = {
			isa = PBXGroup;
			children = (
				E6AD7C921A42D7B200792770 /* userCenter.swift */,
				E62889001A3E876300C45131 /* Dynamic.storyboard */,
				E62889011A3E876300C45131 /* Dynamic.swift */,
				E62889021A3E876300C45131 /* DynamicAddCell.swift */,
				E62889031A3E876300C45131 /* dynamicNoData.storyboard */,
				E62889041A3E876300C45131 /* DynamicReplyCell.swift */,
				E62889051A3E876300C45131 /* HttpUrlConstant.swift */,
				E62889061A3E876300C45131 /* Message.storyboard */,
				E62889071A3E876300C45131 /* Message.swift */,
				E62889081A3E876300C45131 /* MessageCell.swift */,
			);
			path = me;
			sourceTree = "<group>";
		};
		E66879461A25F0DF00BE48CE /* DynamicHeader */ = {
			isa = PBXGroup;
			children = (
				E6D6C2AE1A2EE72E00858161 /* CollectionViewCell.swift */,
				E6D6C2AF1A2EE72E00858161 /* HeaderViewController.swift */,
			);
			path = DynamicHeader;
			sourceTree = "<group>";
		};
		E69FCD881A5297B2003E11B1 /* WIndicator */ = {
			isa = PBXGroup;
			children = (
				E69FCD8A1A5297C6003E11B1 /* WActivityIndicator.swift */,
				E69FCD8B1A5297C6003E11B1 /* WIndicator.swift */,
				E69FCD8C1A5297C6003E11B1 /* WIndicatorText.swift */,
			);
			path = WIndicator;
			sourceTree = "<group>";
		};
		E6A3C5831A4AA8E2002485FC /* Reply */ = {
			isa = PBXGroup;
			children = (
				E6A3C5841A4AA8E2002485FC /* Reply.storyboard */,
				E6A3C5851A4AA8E2002485FC /* ReplyViewController.swift */,
			);
			path = Reply;
			sourceTree = "<group>";
		};
		E6BCFC621A1A30CA009857B0 /* Common */ = {
			isa = PBXGroup;
			children = (
				E67B86611A3E7B8100B782E1 /* GTUtil.swift */,
				E6D6C2DB1A300C2100858161 /* AppContext.swift */,
				E6D6C2D91A2FFE9800858161 /* BaseTableViewController.swift */,
				E6D6C2C21A2FFB5100858161 /* APIClient.swift */,
				E6BCFC631A1A30F2009857B0 /* FilletButton.swift */,
				E6BCFC641A1A30F2009857B0 /* RadiusView.swift */,
				E67377701A19E7CA006DAE76 /* DHCarouselView.swift */,
			);
			path = Common;
			sourceTree = "<group>";
		};
		E6D6C2C51A2FFC0800858161 /* ThirdParty */ = {
			isa = PBXGroup;
			children = (
				E69FCD881A5297B2003E11B1 /* WIndicator */,
				E6D6C2C61A2FFC0800858161 /* SwiftyJSON */,
			);
			path = ThirdParty;
			sourceTree = "<group>";
		};
		E6D6C2C61A2FFC0800858161 /* SwiftyJSON */ = {
			isa = PBXGroup;
			children = (
				E6D6C2C71A2FFC0800858161 /* Alamofire-SwiftyJSON.swift */,
				E6D6C2C81A2FFC0800858161 /* SwiftyJSON.swift */,
			);
			path = SwiftyJSON;
			sourceTree = "<group>";
		};
		E6D6C2CC1A2FFC4800858161 /* Products */ = {
			isa = PBXGroup;
			children = (
				E6D6C2D11A2FFC4800858161 /* Alamofire.framework */,
				E6D6C2D31A2FFC4800858161 /* AlamofireTests.xctest */,
			);
			name = Products;
			sourceTree = "<group>";
		};
/* End PBXGroup section */

/* Begin PBXNativeTarget section */
		E62C21771A03F34E004DBFD0 /* mckuai */ = {
			isa = PBXNativeTarget;
			buildConfigurationList = E62C21971A03F34E004DBFD0 /* Build configuration list for PBXNativeTarget "mckuai" */;
			buildPhases = (
				E62C21741A03F34E004DBFD0 /* Sources */,
				E62C21751A03F34E004DBFD0 /* Frameworks */,
				E62C21761A03F34E004DBFD0 /* Resources */,
				E64C09521A2C3F9500AD9138 /* CopyFiles */,
			);
			buildRules = (
			);
			dependencies = (
				E6D6C2D51A2FFC5400858161 /* PBXTargetDependency */,
			);
			name = mckuai;
			productName = mckuai;
			productReference = E62C21781A03F34E004DBFD0 /* mckuai.app */;
			productType = "com.apple.product-type.application";
		};
		E62C218C1A03F34E004DBFD0 /* mckuaiTests */ = {
			isa = PBXNativeTarget;
			buildConfigurationList = E62C219A1A03F34E004DBFD0 /* Build configuration list for PBXNativeTarget "mckuaiTests" */;
			buildPhases = (
				E62C21891A03F34E004DBFD0 /* Sources */,
				E62C218A1A03F34E004DBFD0 /* Frameworks */,
				E62C218B1A03F34E004DBFD0 /* Resources */,
			);
			buildRules = (
			);
			dependencies = (
				E62C218F1A03F34E004DBFD0 /* PBXTargetDependency */,
			);
			name = mckuaiTests;
			productName = mckuaiTests;
			productReference = E62C218D1A03F34E004DBFD0 /* mckuaiTests.xctest */;
			productType = "com.apple.product-type.bundle.unit-test";
		};
/* End PBXNativeTarget section */

/* Begin PBXProject section */
		E62C21701A03F34E004DBFD0 /* Project object */ = {
			isa = PBXProject;
			attributes = {
				LastUpgradeCheck = 0610;
				ORGANIZATIONNAME = XingfuQiu;
				TargetAttributes = {
					E62C21771A03F34E004DBFD0 = {
						CreatedOnToolsVersion = 6.1;
						DevelopmentTeam = RPLF9PJ3L4;
					};
					E62C218C1A03F34E004DBFD0 = {
						CreatedOnToolsVersion = 6.1;
						TestTargetID = E62C21771A03F34E004DBFD0;
					};
				};
			};
			buildConfigurationList = E62C21731A03F34E004DBFD0 /* Build configuration list for PBXProject "mckuai" */;
			compatibilityVersion = "Xcode 3.2";
			developmentRegion = English;
			hasScannedForEncodings = 0;
			knownRegions = (
				en,
				Base,
			);
			mainGroup = E62C216F1A03F34E004DBFD0;
			productRefGroup = E62C21791A03F34E004DBFD0 /* Products */;
			projectDirPath = "";
			projectReferences = (
				{
					ProductGroup = E6D6C2CC1A2FFC4800858161 /* Products */;
					ProjectRef = E6D6C2CB1A2FFC4800858161 /* Alamofire.xcodeproj */;
				},
			);
			projectRoot = "";
			targets = (
				E62C21771A03F34E004DBFD0 /* mckuai */,
				E62C218C1A03F34E004DBFD0 /* mckuaiTests */,
			);
		};
/* End PBXProject section */

/* Begin PBXReferenceProxy section */
		E6D6C2D11A2FFC4800858161 /* Alamofire.framework */ = {
			isa = PBXReferenceProxy;
			fileType = wrapper.framework;
			path = Alamofire.framework;
			remoteRef = E6D6C2D01A2FFC4800858161 /* PBXContainerItemProxy */;
			sourceTree = BUILT_PRODUCTS_DIR;
		};
		E6D6C2D31A2FFC4800858161 /* AlamofireTests.xctest */ = {
			isa = PBXReferenceProxy;
			fileType = wrapper.cfbundle;
			path = AlamofireTests.xctest;
			remoteRef = E6D6C2D21A2FFC4800858161 /* PBXContainerItemProxy */;
			sourceTree = BUILT_PRODUCTS_DIR;
		};
/* End PBXReferenceProxy section */

/* Begin PBXResourcesBuildPhase section */
		E62C21761A03F34E004DBFD0 /* Resources */ = {
			isa = PBXResourcesBuildPhase;
			buildActionMask = 2147483647;
			files = (
				0BDA0A7C1A4F1AC4008B888D /* OtherCenter.storyboard in Resources */,
				0BE1953D1A4D472900F4262B /* McLogin.storyboard in Resources */,
				E62C21831A03F34E004DBFD0 /* Main.storyboard in Resources */,
				E62C21881A03F34E004DBFD0 /* LaunchScreen.xib in Resources */,
				E626E13D1A408C1F00506234 /* tiezi.storyboard in Resources */,
				E63FD7E61A1346CC00177E3E /* chat.storyboard in Resources */,
				0BE195361A4D2D5700F4262B /* TencentOpenApi_IOS_Bundle.bundle in Resources */,
				E628890F1A3E876300C45131 /* Message.storyboard in Resources */,
				E63FD6CF1A13340100177E3E /* Launch.storyboard in Resources */,
				E62889131A3E886A00C45131 /* Images.xcassets in Resources */,
				E63C78B61A302F5F00D28668 /* forumDetail.storyboard in Resources */,
				E626E1361A40167000506234 /* Post.storyboard in Resources */,
				E628890C1A3E876300C45131 /* dynamicNoData.storyboard in Resources */,
				E62889091A3E876300C45131 /* Dynamic.storyboard in Resources */,
				E62888FC1A3E870800C45131 /* Login.storyboard in Resources */,
				E6A3C5861A4AA8E2002485FC /* Reply.storyboard in Resources */,
			);
			runOnlyForDeploymentPostprocessing = 0;
		};
		E62C218B1A03F34E004DBFD0 /* Resources */ = {
			isa = PBXResourcesBuildPhase;
			buildActionMask = 2147483647;
			files = (
			);
			runOnlyForDeploymentPostprocessing = 0;
		};
/* End PBXResourcesBuildPhase section */

/* Begin PBXSourcesBuildPhase section */
		E62C21741A03F34E004DBFD0 /* Sources */ = {
			isa = PBXSourcesBuildPhase;
			buildActionMask = 2147483647;
			files = (
				E67377711A19E7CA006DAE76 /* DHCarouselView.swift in Sources */,
				0BE1953F1A4D474200F4262B /* McLogin.swift in Sources */,
				E67B865F1A3E7AA400B782E1 /* HotTableViewController.swift in Sources */,
				0B7C386C1A487C7100920B83 /* newfile.swift in Sources */,
				E6D6C2C31A2FFB5100858161 /* APIClient.swift in Sources */,
				E6D6C2DA1A2FFE9800858161 /* BaseTableViewController.swift in Sources */,
				E69FCD8D1A5297C6003E11B1 /* WActivityIndicator.swift in Sources */,
				E67F89431A1C7B5E00044035 /* DynamicCell.swift in Sources */,
				E69FCD8F1A5297C6003E11B1 /* WIndicatorText.swift in Sources */,
				E63C78B71A302F5F00D28668 /* forumDetailCell.swift in Sources */,
				E63C78B81A302F5F00D28668 /* forumDetailViewController.swift in Sources */,
				E67B86621A3E7B8100B782E1 /* GTUtil.swift in Sources */,
				E63FD7D91A133CB000177E3E /* Community.swift in Sources */,
				E63FD6D21A13340100177E3E /* Welcome.swift in Sources */,
				E62889111A3E876300C45131 /* MessageCell.swift in Sources */,
				E64C09571A2C625900AD9138 /* DynamicDetailController.swift in Sources */,
				E6D6C2B01A2EE72E00858161 /* CollectionViewCell.swift in Sources */,
				E69FCD8E1A5297C6003E11B1 /* WIndicator.swift in Sources */,
				E62889101A3E876300C45131 /* Message.swift in Sources */,
				E6D6C2CA1A2FFC0800858161 /* SwiftyJSON.swift in Sources */,
				E628890D1A3E876300C45131 /* DynamicReplyCell.swift in Sources */,
				0BDA0A7E1A4F1EE6008B888D /* OtherCenter.swift in Sources */,
				E63FD7E01A133E0400177E3E /* homeController.swift in Sources */,
				E626E13E1A408C1F00506234 /* TieziController.swift in Sources */,
				E6D6C2DC1A300C2100858161 /* AppContext.swift in Sources */,
				E62888FD1A3E870800C45131 /* Login.swift in Sources */,
				E6A3C5871A4AA8E2002485FC /* ReplyViewController.swift in Sources */,
				E628890A1A3E876300C45131 /* Dynamic.swift in Sources */,
				E62C21801A03F34E004DBFD0 /* RootViewController.swift in Sources */,
				E626E1381A40168E00506234 /* PostViewController.swift in Sources */,
				E628890E1A3E876300C45131 /* HttpUrlConstant.swift in Sources */,
				E6D6C2C91A2FFC0800858161 /* Alamofire-SwiftyJSON.swift in Sources */,
				E63FD7E81A13471F00177E3E /* chat.swift in Sources */,
				E6BCFC651A1A30F2009857B0 /* FilletButton.swift in Sources */,
				E628890B1A3E876300C45131 /* DynamicAddCell.swift in Sources */,
				E6BCFC661A1A30F2009857B0 /* RadiusView.swift in Sources */,
				E6D6C2B11A2EE72E00858161 /* HeaderViewController.swift in Sources */,
				E67B865E1A3E7AA400B782E1 /* HotTableViewCell.swift in Sources */,
				E62C217E1A03F34E004DBFD0 /* AppDelegate.swift in Sources */,
				E6AD7C931A42D7B200792770 /* userCenter.swift in Sources */,
			);
			runOnlyForDeploymentPostprocessing = 0;
		};
		E62C21891A03F34E004DBFD0 /* Sources */ = {
			isa = PBXSourcesBuildPhase;
			buildActionMask = 2147483647;
			files = (
				E62C21941A03F34E004DBFD0 /* mckuaiTests.swift in Sources */,
			);
			runOnlyForDeploymentPostprocessing = 0;
		};
/* End PBXSourcesBuildPhase section */

/* Begin PBXTargetDependency section */
		E62C218F1A03F34E004DBFD0 /* PBXTargetDependency */ = {
			isa = PBXTargetDependency;
			target = E62C21771A03F34E004DBFD0 /* mckuai */;
			targetProxy = E62C218E1A03F34E004DBFD0 /* PBXContainerItemProxy */;
		};
		E6D6C2D51A2FFC5400858161 /* PBXTargetDependency */ = {
			isa = PBXTargetDependency;
			name = Alamofire;
			targetProxy = E6D6C2D41A2FFC5400858161 /* PBXContainerItemProxy */;
		};
/* End PBXTargetDependency section */

/* Begin PBXVariantGroup section */
		E62C21811A03F34E004DBFD0 /* Main.storyboard */ = {
			isa = PBXVariantGroup;
			children = (
				E62C21821A03F34E004DBFD0 /* Base */,
			);
			name = Main.storyboard;
			path = ..;
			sourceTree = "<group>";
		};
		E62C21861A03F34E004DBFD0 /* LaunchScreen.xib */ = {
			isa = PBXVariantGroup;
			children = (
				E62C21871A03F34E004DBFD0 /* Base */,
			);
			name = LaunchScreen.xib;
			sourceTree = "<group>";
		};
/* End PBXVariantGroup section */

/* Begin XCBuildConfiguration section */
		E62C21951A03F34E004DBFD0 /* Debug */ = {
			isa = XCBuildConfiguration;
			buildSettings = {
				ALWAYS_SEARCH_USER_PATHS = NO;
				CLANG_CXX_LANGUAGE_STANDARD = "gnu++0x";
				CLANG_CXX_LIBRARY = "libc++";
				CLANG_ENABLE_MODULES = YES;
				CLANG_ENABLE_OBJC_ARC = YES;
				CLANG_WARN_BOOL_CONVERSION = YES;
				CLANG_WARN_CONSTANT_CONVERSION = YES;
				CLANG_WARN_DIRECT_OBJC_ISA_USAGE = YES_ERROR;
				CLANG_WARN_EMPTY_BODY = YES;
				CLANG_WARN_ENUM_CONVERSION = YES;
				CLANG_WARN_INT_CONVERSION = YES;
				CLANG_WARN_OBJC_ROOT_CLASS = YES_ERROR;
				CLANG_WARN_UNREACHABLE_CODE = YES;
				CLANG_WARN__DUPLICATE_METHOD_MATCH = YES;
				"CODE_SIGN_IDENTITY[sdk=iphoneos*]" = "iPhone Developer";
				COPY_PHASE_STRIP = NO;
				ENABLE_STRICT_OBJC_MSGSEND = YES;
				GCC_C_LANGUAGE_STANDARD = gnu99;
				GCC_DYNAMIC_NO_PIC = NO;
				GCC_OPTIMIZATION_LEVEL = 0;
				GCC_PREPROCESSOR_DEFINITIONS = (
					"DEBUG=1",
					"$(inherited)",
				);
				GCC_SYMBOLS_PRIVATE_EXTERN = NO;
				GCC_WARN_64_TO_32_BIT_CONVERSION = YES;
				GCC_WARN_ABOUT_RETURN_TYPE = YES_ERROR;
				GCC_WARN_UNDECLARED_SELECTOR = YES;
				GCC_WARN_UNINITIALIZED_AUTOS = YES_AGGRESSIVE;
				GCC_WARN_UNUSED_FUNCTION = YES;
				GCC_WARN_UNUSED_VARIABLE = YES;
				IPHONEOS_DEPLOYMENT_TARGET = 7.1;
				MTL_ENABLE_DEBUG_INFO = YES;
				ONLY_ACTIVE_ARCH = YES;
				PROVISIONING_PROFILE = "";
				SDKROOT = iphoneos;
				SWIFT_OPTIMIZATION_LEVEL = "-Onone";
			};
			name = Debug;
		};
		E62C21961A03F34E004DBFD0 /* Release */ = {
			isa = XCBuildConfiguration;
			buildSettings = {
				ALWAYS_SEARCH_USER_PATHS = NO;
				CLANG_CXX_LANGUAGE_STANDARD = "gnu++0x";
				CLANG_CXX_LIBRARY = "libc++";
				CLANG_ENABLE_MODULES = YES;
				CLANG_ENABLE_OBJC_ARC = YES;
				CLANG_WARN_BOOL_CONVERSION = YES;
				CLANG_WARN_CONSTANT_CONVERSION = YES;
				CLANG_WARN_DIRECT_OBJC_ISA_USAGE = YES_ERROR;
				CLANG_WARN_EMPTY_BODY = YES;
				CLANG_WARN_ENUM_CONVERSION = YES;
				CLANG_WARN_INT_CONVERSION = YES;
				CLANG_WARN_OBJC_ROOT_CLASS = YES_ERROR;
				CLANG_WARN_UNREACHABLE_CODE = YES;
				CLANG_WARN__DUPLICATE_METHOD_MATCH = YES;
				"CODE_SIGN_IDENTITY[sdk=iphoneos*]" = "iPhone Developer";
				COPY_PHASE_STRIP = YES;
				ENABLE_NS_ASSERTIONS = NO;
				ENABLE_STRICT_OBJC_MSGSEND = YES;
				GCC_C_LANGUAGE_STANDARD = gnu99;
				GCC_WARN_64_TO_32_BIT_CONVERSION = YES;
				GCC_WARN_ABOUT_RETURN_TYPE = YES_ERROR;
				GCC_WARN_UNDECLARED_SELECTOR = YES;
				GCC_WARN_UNINITIALIZED_AUTOS = YES_AGGRESSIVE;
				GCC_WARN_UNUSED_FUNCTION = YES;
				GCC_WARN_UNUSED_VARIABLE = YES;
				IPHONEOS_DEPLOYMENT_TARGET = 7.1;
				MTL_ENABLE_DEBUG_INFO = NO;
				PROVISIONING_PROFILE = "";
				SDKROOT = iphoneos;
				VALIDATE_PRODUCT = YES;
			};
			name = Release;
		};
		E62C21981A03F34E004DBFD0 /* Debug */ = {
			isa = XCBuildConfiguration;
			buildSettings = {
				ARCHS = "$(ARCHS_STANDARD)";
				ASSETCATALOG_COMPILER_APPICON_NAME = AppIcon;
				ASSETCATALOG_COMPILER_LAUNCHIMAGE_NAME = LaunchImage;
				CODE_SIGN_IDENTITY = "iPhone Developer";
				"CODE_SIGN_IDENTITY[sdk=iphoneos*]" = "iPhone Developer";
				FRAMEWORK_SEARCH_PATHS = (
					"$(inherited)",
					"$(PROJECT_DIR)",
				);
				INFOPLIST_FILE = mckuai/Info.plist;
				IPHONEOS_DEPLOYMENT_TARGET = 8.0;
				LD_RUNPATH_SEARCH_PATHS = "$(inherited) @executable_path/Frameworks";
				OTHER_LDFLAGS = "-fobjc-arc";
				PRODUCT_NAME = "$(TARGET_NAME)";
				PROVISIONING_PROFILE = "";
				SWIFT_OBJC_BRIDGING_HEADER = "mckuai/mckuai-Bridging-Header.h";
			};
			name = Debug;
		};
		E62C21991A03F34E004DBFD0 /* Release */ = {
			isa = XCBuildConfiguration;
			buildSettings = {
				ARCHS = "$(ARCHS_STANDARD)";
				ASSETCATALOG_COMPILER_APPICON_NAME = AppIcon;
				ASSETCATALOG_COMPILER_LAUNCHIMAGE_NAME = LaunchImage;
				CODE_SIGN_IDENTITY = "iPhone Developer";
				"CODE_SIGN_IDENTITY[sdk=iphoneos*]" = "iPhone Developer";
				FRAMEWORK_SEARCH_PATHS = (
					"$(inherited)",
					"$(PROJECT_DIR)",
				);
				INFOPLIST_FILE = mckuai/Info.plist;
				IPHONEOS_DEPLOYMENT_TARGET = 8.0;
				LD_RUNPATH_SEARCH_PATHS = "$(inherited) @executable_path/Frameworks";
				OTHER_LDFLAGS = "-fobjc-arc";
				PRODUCT_NAME = "$(TARGET_NAME)";
				PROVISIONING_PROFILE = "";
				SWIFT_OBJC_BRIDGING_HEADER = "mckuai/mckuai-Bridging-Header.h";
			};
			name = Release;
		};
		E62C219B1A03F34E004DBFD0 /* Debug */ = {
			isa = XCBuildConfiguration;
			buildSettings = {
				BUNDLE_LOADER = "$(TEST_HOST)";
				FRAMEWORK_SEARCH_PATHS = (
					"$(SDKROOT)/Developer/Library/Frameworks",
					"$(inherited)",
				);
				GCC_PREPROCESSOR_DEFINITIONS = (
					"DEBUG=1",
					"$(inherited)",
				);
				INFOPLIST_FILE = mckuaiTests/Info.plist;
				LD_RUNPATH_SEARCH_PATHS = "$(inherited) @executable_path/Frameworks @loader_path/Frameworks";
				PRODUCT_NAME = "$(TARGET_NAME)";
				TEST_HOST = "$(BUILT_PRODUCTS_DIR)/mckuai.app/mckuai";
			};
			name = Debug;
		};
		E62C219C1A03F34E004DBFD0 /* Release */ = {
			isa = XCBuildConfiguration;
			buildSettings = {
				BUNDLE_LOADER = "$(TEST_HOST)";
				FRAMEWORK_SEARCH_PATHS = (
					"$(SDKROOT)/Developer/Library/Frameworks",
					"$(inherited)",
				);
				INFOPLIST_FILE = mckuaiTests/Info.plist;
				LD_RUNPATH_SEARCH_PATHS = "$(inherited) @executable_path/Frameworks @loader_path/Frameworks";
				PRODUCT_NAME = "$(TARGET_NAME)";
				TEST_HOST = "$(BUILT_PRODUCTS_DIR)/mckuai.app/mckuai";
			};
			name = Release;
		};
/* End XCBuildConfiguration section */

/* Begin XCConfigurationList section */
		E62C21731A03F34E004DBFD0 /* Build configuration list for PBXProject "mckuai" */ = {
			isa = XCConfigurationList;
			buildConfigurations = (
				E62C21951A03F34E004DBFD0 /* Debug */,
				E62C21961A03F34E004DBFD0 /* Release */,
			);
			defaultConfigurationIsVisible = 0;
			defaultConfigurationName = Release;
		};
		E62C21971A03F34E004DBFD0 /* Build configuration list for PBXNativeTarget "mckuai" */ = {
			isa = XCConfigurationList;
			buildConfigurations = (
				E62C21981A03F34E004DBFD0 /* Debug */,
				E62C21991A03F34E004DBFD0 /* Release */,
			);
			defaultConfigurationIsVisible = 0;
			defaultConfigurationName = Release;
		};
		E62C219A1A03F34E004DBFD0 /* Build configuration list for PBXNativeTarget "mckuaiTests" */ = {
			isa = XCConfigurationList;
			buildConfigurations = (
				E62C219B1A03F34E004DBFD0 /* Debug */,
				E62C219C1A03F34E004DBFD0 /* Release */,
			);
			defaultConfigurationIsVisible = 0;
			defaultConfigurationName = Release;
		};
/* End XCConfigurationList section */
	};
	rootObject = E62C21701A03F34E004DBFD0 /* Project object */;
}
